
Microsoft Visual Studio Solution File, Format Version 12.00
# Visual Studio 15
VisualStudioVersion = 15.0.28307.902
MinimumVisualStudioVersion = 10.0.40219.1
Project("{8BC9CEB8-8B4A-11D0-8D11-00A0C91BC942}") = "665", "665\665.vcxproj", "{83C223EE-237D-4AE0-9116-C25B7FABC293}"
EndProject
Global
	GlobalSection(SolutionConfigurationPlatforms) = preSolution
		Debug|x64 = Debug|x64
		Debug|x86 = Debug|x86
		Release|x64 = Release|x64
		Release|x86 = Release|x86
	EndGlobalSection
	GlobalSection(ProjectConfigurationPlatforms) = postSolution
		{83C223EE-237D-4AE0-9116-C25B7FABC293}.Debug|x64.ActiveCfg = Debug|x64
		{83C223EE-237D-4AE0-9116-C25B7FABC293}.Debug|x64.Build.0 = Debug|x64
		{83C223EE-237D-4AE0-9116-C25B7FABC293}.Debug|x86.ActiveCfg = Debug|Win32
		{83C223EE-237D-4AE0-9116-C25B7FABC293}.Debug|x86.Build.0 = Debug|Win32
		{83C223EE-237D-4AE0-9116-C25B7FABC293}.Release|x64.ActiveCfg = Release|x64
		{83C223EE-237D-4AE0-9116-C25B7FABC293}.Release|x64.Build.0 = Release|x64
		{83C223EE-237D-4AE0-9116-C25B7FABC293}.Release|x86.ActiveCfg = Release|Win32
		{83C223EE-237D-4AE0-9116-C25B7FABC293}.Release|x86.Build.0 = Release|Win32
	EndGlobalSection
	GlobalSection(SolutionProperties) = preSolution
		HideSolutionNode = FALSE
	EndGlobalSection
	GlobalSection(ExtensibilityGlobals) = postSolution
		SolutionGuid = {3FAB1C4F-47EA-444F-BF6E-A40D0BFCD22D}
	EndGlobalSection
EndGlobal
